// !$*UTF8*$!
{
	archiveVersion = 1;
	classes = {
	};
	objectVersion = 46;
	objects = {

/* Begin PBXBuildFile section */
		44A6ACDC7B21F019A10EFD14 /* Pods_TestGraphs.framework in Frameworks */ = {isa = PBXBuildFile; fileRef = 3AB83494C236BC35AEF1A3CC /* Pods_TestGraphs.framework */; };
		E80292A81CC0DC4600799F2D /* AppDelegate.swift in Sources */ = {isa = PBXBuildFile; fileRef = E80292A71CC0DC4600799F2D /* AppDelegate.swift */; };
		E80292AD1CC0DC4600799F2D /* Main.storyboard in Resources */ = {isa = PBXBuildFile; fileRef = E80292AB1CC0DC4600799F2D /* Main.storyboard */; };
		E80292AF1CC0DC4600799F2D /* Assets.xcassets in Resources */ = {isa = PBXBuildFile; fileRef = E80292AE1CC0DC4600799F2D /* Assets.xcassets */; };
		E80292B21CC0DC4600799F2D /* LaunchScreen.storyboard in Resources */ = {isa = PBXBuildFile; fileRef = E80292B01CC0DC4600799F2D /* LaunchScreen.storyboard */; };
		E80292BD1CC0DC4600799F2D /* TestGraphsTests.swift in Sources */ = {isa = PBXBuildFile; fileRef = E80292BC1CC0DC4600799F2D /* TestGraphsTests.swift */; };
		E80292C81CC0DC4600799F2D /* TestGraphsUITests.swift in Sources */ = {isa = PBXBuildFile; fileRef = E80292C71CC0DC4600799F2D /* TestGraphsUITests.swift */; };
		E80292D61CC0E68D00799F2D /* CircleViewController.swift in Sources */ = {isa = PBXBuildFile; fileRef = E80292D51CC0E68D00799F2D /* CircleViewController.swift */; };
		E80292D81CC0E69A00799F2D /* PlotViewController.swift in Sources */ = {isa = PBXBuildFile; fileRef = E80292D71CC0E69A00799F2D /* PlotViewController.swift */; };
		E80292DA1CC0E6C000799F2D /* CircleView.swift in Sources */ = {isa = PBXBuildFile; fileRef = E80292D91CC0E6C000799F2D /* CircleView.swift */; };
/* End PBXBuildFile section */

/* Begin PBXContainerItemProxy section */
		E80292B91CC0DC4600799F2D /* PBXContainerItemProxy */ = {
			isa = PBXContainerItemProxy;
			containerPortal = E802929C1CC0DC4600799F2D /* Project object */;
			proxyType = 1;
			remoteGlobalIDString = E80292A31CC0DC4600799F2D;
			remoteInfo = TestGraphs;
		};
		E80292C41CC0DC4600799F2D /* PBXContainerItemProxy */ = {
			isa = PBXContainerItemProxy;
			containerPortal = E802929C1CC0DC4600799F2D /* Project object */;
			proxyType = 1;
			remoteGlobalIDString = E80292A31CC0DC4600799F2D;
			remoteInfo = TestGraphs;
		};
/* End PBXContainerItemProxy section */

/* Begin PBXFileReference section */
		3AB83494C236BC35AEF1A3CC /* Pods_TestGraphs.framework */ = {isa = PBXFileReference; explicitFileType = wrapper.framework; includeInIndex = 0; path = Pods_TestGraphs.framework; sourceTree = BUILT_PRODUCTS_DIR; };
		6A4036A2855504B36AC512BB /* Pods-TestGraphs.debug.xcconfig */ = {isa = PBXFileReference; includeInIndex = 1; lastKnownFileType = text.xcconfig; name = "Pods-TestGraphs.debug.xcconfig"; path = "Pods/Target Support Files/Pods-TestGraphs/Pods-TestGraphs.debug.xcconfig"; sourceTree = "<group>"; };
		E80292A41CC0DC4600799F2D /* TestGraphs.app */ = {isa = PBXFileReference; explicitFileType = wrapper.application; includeInIndex = 0; path = TestGraphs.app; sourceTree = BUILT_PRODUCTS_DIR; };
		E80292A71CC0DC4600799F2D /* AppDelegate.swift */ = {isa = PBXFileReference; lastKnownFileType = sourcecode.swift; path = AppDelegate.swift; sourceTree = "<group>"; };
		E80292AC1CC0DC4600799F2D /* Base */ = {isa = PBXFileReference; lastKnownFileType = file.storyboard; name = Base; path = Base.lproj/Main.storyboard; sourceTree = "<group>"; };
		E80292AE1CC0DC4600799F2D /* Assets.xcassets */ = {isa = PBXFileReference; lastKnownFileType = folder.assetcatalog; path = Assets.xcassets; sourceTree = "<group>"; };
		E80292B11CC0DC4600799F2D /* Base */ = {isa = PBXFileReference; lastKnownFileType = file.storyboard; name = Base; path = Base.lproj/LaunchScreen.storyboard; sourceTree = "<group>"; };
		E80292B31CC0DC4600799F2D /* Info.plist */ = {isa = PBXFileReference; lastKnownFileType = text.plist.xml; path = Info.plist; sourceTree = "<group>"; };
		E80292B81CC0DC4600799F2D /* TestGraphsTests.xctest */ = {isa = PBXFileReference; explicitFileType = wrapper.cfbundle; includeInIndex = 0; path = TestGraphsTests.xctest; sourceTree = BUILT_PRODUCTS_DIR; };
		E80292BC1CC0DC4600799F2D /* TestGraphsTests.swift */ = {isa = PBXFileReference; lastKnownFileType = sourcecode.swift; path = TestGraphsTests.swift; sourceTree = "<group>"; };
		E80292BE1CC0DC4600799F2D /* Info.plist */ = {isa = PBXFileReference; lastKnownFileType = text.plist.xml; path = Info.plist; sourceTree = "<group>"; };
		E80292C31CC0DC4600799F2D /* TestGraphsUITests.xctest */ = {isa = PBXFileReference; explicitFileType = wrapper.cfbundle; includeInIndex = 0; path = TestGraphsUITests.xctest; sourceTree = BUILT_PRODUCTS_DIR; };
		E80292C71CC0DC4600799F2D /* TestGraphsUITests.swift */ = {isa = PBXFileReference; lastKnownFileType = sourcecode.swift; path = TestGraphsUITests.swift; sourceTree = "<group>"; };
		E80292C91CC0DC4600799F2D /* Info.plist */ = {isa = PBXFileReference; lastKnownFileType = text.plist.xml; path = Info.plist; sourceTree = "<group>"; };
		E80292D51CC0E68D00799F2D /* CircleViewController.swift */ = {isa = PBXFileReference; fileEncoding = 4; lastKnownFileType = sourcecode.swift; path = CircleViewController.swift; sourceTree = "<group>"; };
		E80292D71CC0E69A00799F2D /* PlotViewController.swift */ = {isa = PBXFileReference; fileEncoding = 4; lastKnownFileType = sourcecode.swift; path = PlotViewController.swift; sourceTree = "<group>"; };
		E80292D91CC0E6C000799F2D /* CircleView.swift */ = {isa = PBXFileReference; fileEncoding = 4; lastKnownFileType = sourcecode.swift; path = CircleView.swift; sourceTree = "<group>"; };
		F36D8FEF7F284F007048F7DD /* Pods-TestGraphs.release.xcconfig */ = {isa = PBXFileReference; includeInIndex = 1; lastKnownFileType = text.xcconfig; name = "Pods-TestGraphs.release.xcconfig"; path = "Pods/Target Support Files/Pods-TestGraphs/Pods-TestGraphs.release.xcconfig"; sourceTree = "<group>"; };
/* End PBXFileReference section */

/* Begin PBXFrameworksBuildPhase section */
		E80292A11CC0DC4600799F2D /* Frameworks */ = {
			isa = PBXFrameworksBuildPhase;
			buildActionMask = 2147483647;
			files = (
				44A6ACDC7B21F019A10EFD14 /* Pods_TestGraphs.framework in Frameworks */,
			);
			runOnlyForDeploymentPostprocessing = 0;
		};
		E80292B51CC0DC4600799F2D /* Frameworks */ = {
			isa = PBXFrameworksBuildPhase;
			buildActionMask = 2147483647;
			files = (
			);
			runOnlyForDeploymentPostprocessing = 0;
		};
		E80292C01CC0DC4600799F2D /* Frameworks */ = {
			isa = PBXFrameworksBuildPhase;
			buildActionMask = 2147483647;
			files = (
			);
			runOnlyForDeploymentPostprocessing = 0;
		};
/* End PBXFrameworksBuildPhase section */

/* Begin PBXGroup section */
		23889045CC759B9BA431D25A /* Frameworks */ = {
			isa = PBXGroup;
			children = (
				3AB83494C236BC35AEF1A3CC /* Pods_TestGraphs.framework */,
			);
			name = Frameworks;
			sourceTree = "<group>";
		};
		E802929B1CC0DC4600799F2D = {
			isa = PBXGroup;
			children = (
				E80292A61CC0DC4600799F2D /* TestGraphs */,
				E80292BB1CC0DC4600799F2D /* TestGraphsTests */,
				E80292C61CC0DC4600799F2D /* TestGraphsUITests */,
				E80292A51CC0DC4600799F2D /* Products */,
				FED2DDDA5C95B5BEF556BC43 /* Pods */,
				23889045CC759B9BA431D25A /* Frameworks */,
			);
			sourceTree = "<group>";
		};
		E80292A51CC0DC4600799F2D /* Products */ = {
			isa = PBXGroup;
			children = (
				E80292A41CC0DC4600799F2D /* TestGraphs.app */,
				E80292B81CC0DC4600799F2D /* TestGraphsTests.xctest */,
				E80292C31CC0DC4600799F2D /* TestGraphsUITests.xctest */,
			);
			name = Products;
			sourceTree = "<group>";
		};
		E80292A61CC0DC4600799F2D /* TestGraphs */ = {
			isa = PBXGroup;
			children = (
				E80292A71CC0DC4600799F2D /* AppDelegate.swift */,
				E80292D51CC0E68D00799F2D /* CircleViewController.swift */,
				E80292D91CC0E6C000799F2D /* CircleView.swift */,
				E80292D71CC0E69A00799F2D /* PlotViewController.swift */,
				E80292AB1CC0DC4600799F2D /* Main.storyboard */,
				E80292AE1CC0DC4600799F2D /* Assets.xcassets */,
				E80292B01CC0DC4600799F2D /* LaunchScreen.storyboard */,
				E80292B31CC0DC4600799F2D /* Info.plist */,
			);
			path = TestGraphs;
			sourceTree = "<group>";
		};
		E80292BB1CC0DC4600799F2D /* TestGraphsTests */ = {
			isa = PBXGroup;
			children = (
				E80292BC1CC0DC4600799F2D /* TestGraphsTests.swift */,
				E80292BE1CC0DC4600799F2D /* Info.plist */,
			);
			path = TestGraphsTests;
			sourceTree = "<group>";
		};
		E80292C61CC0DC4600799F2D /* TestGraphsUITests */ = {
			isa = PBXGroup;
			children = (
				E80292C71CC0DC4600799F2D /* TestGraphsUITests.swift */,
				E80292C91CC0DC4600799F2D /* Info.plist */,
			);
			path = TestGraphsUITests;
			sourceTree = "<group>";
		};
		FED2DDDA5C95B5BEF556BC43 /* Pods */ = {
			isa = PBXGroup;
			children = (
				6A4036A2855504B36AC512BB /* Pods-TestGraphs.debug.xcconfig */,
				F36D8FEF7F284F007048F7DD /* Pods-TestGraphs.release.xcconfig */,
			);
			name = Pods;
			sourceTree = "<group>";
		};
/* End PBXGroup section */

/* Begin PBXNativeTarget section */
		E80292A31CC0DC4600799F2D /* TestGraphs */ = {
			isa = PBXNativeTarget;
			buildConfigurationList = E80292CC1CC0DC4600799F2D /* Build configuration list for PBXNativeTarget "TestGraphs" */;
			buildPhases = (
				92C01E5AD3C5527CF45D4D84 /* Check Pods Manifest.lock */,
				E80292A01CC0DC4600799F2D /* Sources */,
				E80292A11CC0DC4600799F2D /* Frameworks */,
				E80292A21CC0DC4600799F2D /* Resources */,
				E5583ADAFCB4546E49F54618 /* Embed Pods Frameworks */,
				E010ABBD098373C78B9E77E3 /* Copy Pods Resources */,
			);
			buildRules = (
			);
			dependencies = (
			);
			name = TestGraphs;
			productName = TestGraphs;
			productReference = E80292A41CC0DC4600799F2D /* TestGraphs.app */;
			productType = "com.apple.product-type.application";
		};
		E80292B71CC0DC4600799F2D /* TestGraphsTests */ = {
			isa = PBXNativeTarget;
			buildConfigurationList = E80292CF1CC0DC4600799F2D /* Build configuration list for PBXNativeTarget "TestGraphsTests" */;
			buildPhases = (
				E80292B41CC0DC4600799F2D /* Sources */,
				E80292B51CC0DC4600799F2D /* Frameworks */,
				E80292B61CC0DC4600799F2D /* Resources */,
			);
			buildRules = (
			);
			dependencies = (
				E80292BA1CC0DC4600799F2D /* PBXTargetDependency */,
			);
			name = TestGraphsTests;
			productName = TestGraphsTests;
			productReference = E80292B81CC0DC4600799F2D /* TestGraphsTests.xctest */;
			productType = "com.apple.product-type.bundle.unit-test";
		};
		E80292C21CC0DC4600799F2D /* TestGraphsUITests */ = {
			isa = PBXNativeTarget;
			buildConfigurationList = E80292D21CC0DC4600799F2D /* Build configuration list for PBXNativeTarget "TestGraphsUITests" */;
			buildPhases = (
				E80292BF1CC0DC4600799F2D /* Sources */,
				E80292C01CC0DC4600799F2D /* Frameworks */,
				E80292C11CC0DC4600799F2D /* Resources */,
			);
			buildRules = (
			);
			dependencies = (
				E80292C51CC0DC4600799F2D /* PBXTargetDependency */,
			);
			name = TestGraphsUITests;
			productName = TestGraphsUITests;
			productReference = E80292C31CC0DC4600799F2D /* TestGraphsUITests.xctest */;
			productType = "com.apple.product-type.bundle.ui-testing";
		};
/* End PBXNativeTarget section */

/* Begin PBXProject section */
		E802929C1CC0DC4600799F2D /* Project object */ = {
			isa = PBXProject;
			attributes = {
				LastSwiftUpdateCheck = 0730;
				LastUpgradeCheck = 0730;
				ORGANIZATIONNAME = "Yevhen Herasymenko";
				TargetAttributes = {
					E80292A31CC0DC4600799F2D = {
						CreatedOnToolsVersion = 7.3;
					};
					E80292B71CC0DC4600799F2D = {
						CreatedOnToolsVersion = 7.3;
						TestTargetID = E80292A31CC0DC4600799F2D;
					};
					E80292C21CC0DC4600799F2D = {
						CreatedOnToolsVersion = 7.3;
						TestTargetID = E80292A31CC0DC4600799F2D;
					};
				};
			};
			buildConfigurationList = E802929F1CC0DC4600799F2D /* Build configuration list for PBXProject "TestGraphs" */;
			compatibilityVersion = "Xcode 3.2";
			developmentRegion = English;
			hasScannedForEncodings = 0;
			knownRegions = (
				en,
				Base,
			);
			mainGroup = E802929B1CC0DC4600799F2D;
			productRefGroup = E80292A51CC0DC4600799F2D /* Products */;
			projectDirPath = "";
			projectRoot = "";
			targets = (
				E80292A31CC0DC4600799F2D /* TestGraphs */,
				E80292B71CC0DC4600799F2D /* TestGraphsTests */,
				E80292C21CC0DC4600799F2D /* TestGraphsUITests */,
			);
		};
/* End PBXProject section */

/* Begin PBXResourcesBuildPhase section */
		E80292A21CC0DC4600799F2D /* Resources */ = {
			isa = PBXResourcesBuildPhase;
			buildActionMask = 2147483647;
			files = (
				E80292B21CC0DC4600799F2D /* LaunchScreen.storyboard in Resources */,
				E80292AF1CC0DC4600799F2D /* Assets.xcassets in Resources */,
				E80292AD1CC0DC4600799F2D /* Main.storyboard in Resources */,
			);
			runOnlyForDeploymentPostprocessing = 0;
		};
		E80292B61CC0DC4600799F2D /* Resources */ = {
			isa = PBXResourcesBuildPhase;
			buildActionMask = 2147483647;
			files = (
			);
			runOnlyForDeploymentPostprocessing = 0;
		};
		E80292C11CC0DC4600799F2D /* Resources */ = {
			isa = PBXResourcesBuildPhase;
			buildActionMask = 2147483647;
			files = (
			);
			runOnlyForDeploymentPostprocessing = 0;
		};
/* End PBXResourcesBuildPhase section */

/* Begin PBXShellScriptBuildPhase section */
		92C01E5AD3C5527CF45D4D84 /* Check Pods Manifest.lock */ = {
			isa = PBXShellScriptBuildPhase;
			buildActionMask = 2147483647;
			files = (
			);
			inputPaths = (
			);
			name = "Check Pods Manifest.lock";
			outputPaths = (
			);
			runOnlyForDeploymentPostprocessing = 0;
			shellPath = /bin/sh;
			shellScript = "diff \"${PODS_ROOT}/../Podfile.lock\" \"${PODS_ROOT}/Manifest.lock\" > /dev/null\nif [[ $? != 0 ]] ; then\n    cat << EOM\nerror: The sandbox is not in sync with the Podfile.lock. Run 'pod install' or update your CocoaPods installation.\nEOM\n    exit 1\nfi\n";
			showEnvVarsInLog = 0;
		};
		E010ABBD098373C78B9E77E3 /* Copy Pods Resources */ = {
			isa = PBXShellScriptBuildPhase;
			buildActionMask = 2147483647;
			files = (
			);
			inputPaths = (
			);
			name = "Copy Pods Resources";
			outputPaths = (
			);
			runOnlyForDeploymentPostprocessing = 0;
			shellPath = /bin/sh;
			shellScript = "\"${SRCROOT}/Pods/Target Support Files/Pods-TestGraphs/Pods-TestGraphs-resources.sh\"\n";
			showEnvVarsInLog = 0;
		};
		E5583ADAFCB4546E49F54618 /* Embed Pods Frameworks */ = {
			isa = PBXShellScriptBuildPhase;
			buildActionMask = 2147483647;
			files = (
			);
			inputPaths = (
			);
			name = "Embed Pods Frameworks";
			outputPaths = (
			);
			runOnlyForDeploymentPostprocessing = 0;
			shellPath = /bin/sh;
			shellScript = "\"${SRCROOT}/Pods/Target Support Files/Pods-TestGraphs/Pods-TestGraphs-frameworks.sh\"\n";
			showEnvVarsInLog = 0;
		};
/* End PBXShellScriptBuildPhase section */

/* Begin PBXSourcesBuildPhase section */
		E80292A01CC0DC4600799F2D /* Sources */ = {
			isa = PBXSourcesBuildPhase;
			buildActionMask = 2147483647;
			files = (
				E80292DA1CC0E6C000799F2D /* CircleView.swift in Sources */,
				E80292D61CC0E68D00799F2D /* CircleViewController.swift in Sources */,
				E80292D81CC0E69A00799F2D /* PlotViewController.swift in Sources */,
				E80292A81CC0DC4600799F2D /* AppDelegate.swift in Sources */,
			);
			runOnlyForDeploymentPostprocessing = 0;
		};
		E80292B41CC0DC4600799F2D /* Sources */ = {
			isa = PBXSourcesBuildPhase;
			buildActionMask = 2147483647;
			files = (
				E80292BD1CC0DC4600799F2D /* TestGraphsTests.swift in Sources */,
			);
			runOnlyForDeploymentPostprocessing = 0;
		};
		E80292BF1CC0DC4600799F2D /* Sources */ = {
			isa = PBXSourcesBuildPhase;
			buildActionMask = 2147483647;
			files = (
				E80292C81CC0DC4600799F2D /* TestGraphsUITests.swift in Sources */,
			);
			runOnlyForDeploymentPostprocessing = 0;
		};
/* End PBXSourcesBuildPhase section */

/* Begin PBXTargetDependency section */
		E80292BA1CC0DC4600799F2D /* PBXTargetDependency */ = {
			isa = PBXTargetDependency;
			target = E80292A31CC0DC4600799F2D /* TestGraphs */;
			targetProxy = E80292B91CC0DC4600799F2D /* PBXContainerItemProxy */;
		};
		E80292C51CC0DC4600799F2D /* PBXTargetDependency */ = {
			isa = PBXTargetDependency;
			target = E80292A31CC0DC4600799F2D /* TestGraphs */;
			targetProxy = E80292C41CC0DC4600799F2D /* PBXContainerItemProxy */;
		};
/* End PBXTargetDependency section */

/* Begin PBXVariantGroup section */
		E80292AB1CC0DC4600799F2D /* Main.storyboard */ = {
			isa = PBXVariantGroup;
			children = (
				E80292AC1CC0DC4600799F2D /* Base */,
			);
			name = Main.storyboard;
			sourceTree = "<group>";
		};
		E80292B01CC0DC4600799F2D /* LaunchScreen.storyboard */ = {
			isa = PBXVariantGroup;
			children = (
				E80292B11CC0DC4600799F2D /* Base */,
			);
			name = LaunchScreen.storyboard;
			sourceTree = "<group>";
		};
/* End PBXVariantGroup section */

/* Begin XCBuildConfiguration section */
		E80292CA1CC0DC4600799F2D /* Debug */ = {
			isa = XCBuildConfiguration;
			buildSettings = {
				ALWAYS_SEARCH_USER_PATHS = NO;
				CLANG_ANALYZER_NONNULL = YES;
				CLANG_CXX_LANGUAGE_STANDARD = "gnu++0x";
				CLANG_CXX_LIBRARY = "libc++";
				CLANG_ENABLE_MODULES = YES;
				CLANG_ENABLE_OBJC_ARC = YES;
				CLANG_WARN_BOOL_CONVERSION = YES;
				CLANG_WARN_CONSTANT_CONVERSION = YES;
				CLANG_WARN_DIRECT_OBJC_ISA_USAGE = YES_ERROR;
				CLANG_WARN_EMPTY_BODY = YES;
				CLANG_WARN_ENUM_CONVERSION = YES;
				CLANG_WARN_INT_CONVERSION = YES;
				CLANG_WARN_OBJC_ROOT_CLASS = YES_ERROR;
				CLANG_WARN_UNREACHABLE_CODE = YES;
				CLANG_WARN__DUPLICATE_METHOD_MATCH = YES;
				"CODE_SIGN_IDENTITY[sdk=iphoneos*]" = "iPhone Developer";
				COPY_PHASE_STRIP = NO;
				DEBUG_INFORMATION_FORMAT = dwarf;
				ENABLE_STRICT_OBJC_MSGSEND = YES;
				ENABLE_TESTABILITY = YES;
				GCC_C_LANGUAGE_STANDARD = gnu99;
				GCC_DYNAMIC_NO_PIC = NO;
				GCC_NO_COMMON_BLOCKS = YES;
				GCC_OPTIMIZATION_LEVEL = 0;
				GCC_PREPROCESSOR_DEFINITIONS = (
					"DEBUG=1",
					"$(inherited)",
				);
				GCC_WARN_64_TO_32_BIT_CONVERSION = YES;
				GCC_WARN_ABOUT_RETURN_TYPE = YES_ERROR;
				GCC_WARN_UNDECLARED_SELECTOR = YES;
				GCC_WARN_UNINITIALIZED_AUTOS = YES_AGGRESSIVE;
				GCC_WARN_UNUSED_FUNCTION = YES;
				GCC_WARN_UNUSED_VARIABLE = YES;
				IPHONEOS_DEPLOYMENT_TARGET = 9.3;
				MTL_ENABLE_DEBUG_INFO = YES;
				ONLY_ACTIVE_ARCH = YES;
				SDKROOT = iphoneos;
				SWIFT_OPTIMIZATION_LEVEL = "-Onone";
				TARGETED_DEVICE_FAMILY = "1,2";
			};
			name = Debug;
		};
		E80292CB1CC0DC4600799F2D /* Release */ = {
			isa = XCBuildConfiguration;
			buildSettings = {
				ALWAYS_SEARCH_USER_PATHS = NO;
				CLANG_ANALYZER_NONNULL = YES;
				CLANG_CXX_LANGUAGE_STANDARD = "gnu++0x";
				CLANG_CXX_LIBRARY = "libc++";
				CLANG_ENABLE_MODULES = YES;
				CLANG_ENABLE_OBJC_ARC = YES;
				CLANG_WARN_BOOL_CONVERSION = YES;
				CLANG_WARN_CONSTANT_CONVERSION = YES;
				CLANG_WARN_DIRECT_OBJC_ISA_USAGE = YES_ERROR;
				CLANG_WARN_EMPTY_BODY = YES;
				CLANG_WARN_ENUM_CONVERSION = YES;
				CLANG_WARN_INT_CONVERSION = YES;
				CLANG_WARN_OBJC_ROOT_CLASS = YES_ERROR;
				CLANG_WARN_UNREACHABLE_CODE = YES;
				CLANG_WARN__DUPLICATE_METHOD_MATCH = YES;
				"CODE_SIGN_IDENTITY[sdk=iphoneos*]" = "iPhone Developer";
				COPY_PHASE_STRIP = NO;
				DEBUG_INFORMATION_FORMAT = "dwarf-with-dsym";
				ENABLE_NS_ASSERTIONS = NO;
				ENABLE_STRICT_OBJC_MSGSEND = YES;
				GCC_C_LANGUAGE_STANDARD = gnu99;
				GCC_NO_COMMON_BLOCKS = YES;
				GCC_WARN_64_TO_32_BIT_CONVERSION = YES;
				GCC_WARN_ABOUT_RETURN_TYPE = YES_ERROR;
				GCC_WARN_UNDECLARED_SELECTOR = YES;
				GCC_WARN_UNINITIALIZED_AUTOS = YES_AGGRESSIVE;
				GCC_WARN_UNUSED_FUNCTION = YES;
				GCC_WARN_UNUSED_VARIABLE = YES;
				IPHONEOS_DEPLOYMENT_TARGET = 9.3;
				MTL_ENABLE_DEBUG_INFO = NO;
				SDKROOT = iphoneos;
				TARGETED_DEVICE_FAMILY = "1,2";
				VALIDATE_PRODUCT = YES;
			};
			name = Release;
		};
		E80292CD1CC0DC4600799F2D /* Debug */ = {
			isa = XCBuildConfiguration;
			baseConfigurationReference = 6A4036A2855504B36AC512BB /* Pods-TestGraphs.debug.xcconfig */;
			buildSettings = {
				ASSETCATALOG_COMPILER_APPICON_NAME = AppIcon;
				INFOPLIST_FILE = TestGraphs/Info.plist;
				LD_RUNPATH_SEARCH_PATHS = "$(inherited) @executable_path/Frameworks";
				PRODUCT_BUNDLE_IDENTIFIER = yevhenherasymenko.TestGraphs;
				PRODUCT_NAME = "$(TARGET_NAME)";
			};
			name = Debug;
		};
		E80292CE1CC0DC4600799F2D /* Release */ = {
			isa = XCBuildConfiguration;
			baseConfigurationReference = F36D8FEF7F284F007048F7DD /* Pods-TestGraphs.release.xcconfig */;
			buildSettings = {
				ASSETCATALOG_COMPILER_APPICON_NAME = AppIcon;
				INFOPLIST_FILE = TestGraphs/Info.plist;
				LD_RUNPATH_SEARCH_PATHS = "$(inherited) @executable_path/Frameworks";
				PRODUCT_BUNDLE_IDENTIFIER = yevhenherasymenko.TestGraphs;
				PRODUCT_NAME = "$(TARGET_NAME)";
			};
			name = Release;
		};
		E80292D01CC0DC4600799F2D /* Debug */ = {
			isa = XCBuildConfiguration;
			buildSettings = {
				BUNDLE_LOADER = "$(TEST_HOST)";
				INFOPLIST_FILE = TestGraphsTests/Info.plist;
				LD_RUNPATH_SEARCH_PATHS = "$(inherited) @executable_path/Frameworks @loader_path/Frameworks";
				PRODUCT_BUNDLE_IDENTIFIER = yevhenherasymenko.TestGraphsTests;
				PRODUCT_NAME = "$(TARGET_NAME)";
				TEST_HOST = "$(BUILT_PRODUCTS_DIR)/TestGraphs.app/TestGraphs";
			};
			name = Debug;
		};
		E80292D11CC0DC4600799F2D /* Release */ = {
			isa = XCBuildConfiguration;
			buildSettings = {
				BUNDLE_LOADER = "$(TEST_HOST)";
				INFOPLIST_FILE = TestGraphsTests/Info.plist;
				LD_RUNPATH_SEARCH_PATHS = "$(inherited) @executable_path/Frameworks @loader_path/Frameworks";
				PRODUCT_BUNDLE_IDENTIFIER = yevhenherasymenko.TestGraphsTests;
				PRODUCT_NAME = "$(TARGET_NAME)";
				TEST_HOST = "$(BUILT_PRODUCTS_DIR)/TestGraphs.app/TestGraphs";
			};
			name = Release;
		};
		E80292D31CC0DC4600799F2D /* Debug */ = {
			isa = XCBuildConfiguration;
			buildSettings = {
				INFOPLIST_FILE = TestGraphsUITests/Info.plist;
				LD_RUNPATH_SEARCH_PATHS = "$(inherited) @executable_path/Frameworks @loader_path/Frameworks";
				PRODUCT_BUNDLE_IDENTIFIER = yevhenherasymenko.TestGraphsUITests;
				PRODUCT_NAME = "$(TARGET_NAME)";
				TEST_TARGET_NAME = TestGraphs;
			};
			name = Debug;
		};
		E80292D41CC0DC4600799F2D /* Release */ = {
			isa = XCBuildConfiguration;
			buildSettings = {
				INFOPLIST_FILE = TestGraphsUITests/Info.plist;
				LD_RUNPATH_SEARCH_PATHS = "$(inherited) @executable_path/Frameworks @loader_path/Frameworks";
				PRODUCT_BUNDLE_IDENTIFIER = yevhenherasymenko.TestGraphsUITests;
				PRODUCT_NAME = "$(TARGET_NAME)";
				TEST_TARGET_NAME = TestGraphs;
			};
			name = Release;
		};
/* End XCBuildConfiguration section */

/* Begin XCConfigurationList section */
		E802929F1CC0DC4600799F2D /* Build configuration list for PBXProject "TestGraphs" */ = {
			isa = XCConfigurationList;
			buildConfigurations = (
				E80292CA1CC0DC4600799F2D /* Debug */,
				E80292CB1CC0DC4600799F2D /* Release */,
			);
			defaultConfigurationIsVisible = 0;
			defaultConfigurationName = Release;
		};
		E80292CC1CC0DC4600799F2D /* Build configuration list for PBXNativeTarget "TestGraphs" */ = {
			isa = XCConfigurationList;
			buildConfigurations = (
				E80292CD1CC0DC4600799F2D /* Debug */,
				E80292CE1CC0DC4600799F2D /* Release */,
			);
			defaultConfigurationIsVisible = 0;
			defaultConfigurationName = Release;
		};
		E80292CF1CC0DC4600799F2D /* Build configuration list for PBXNativeTarget "TestGraphsTests" */ = {
			isa = XCConfigurationList;
			buildConfigurations = (
				E80292D01CC0DC4600799F2D /* Debug */,
				E80292D11CC0DC4600799F2D /* Release */,
			);
			defaultConfigurationIsVisible = 0;
			defaultConfigurationName = Release;
		};
		E80292D21CC0DC4600799F2D /* Build configuration list for PBXNativeTarget "TestGraphsUITests" */ = {
			isa = XCConfigurationList;
			buildConfigurations = (
				E80292D31CC0DC4600799F2D /* Debug */,
				E80292D41CC0DC4600799F2D /* Release */,
			);
			defaultConfigurationIsVisible = 0;
			defaultConfigurationName = Release;
		};
/* End XCConfigurationList section */
	};
	rootObject = E802929C1CC0DC4600799F2D /* Project object */;
}
